
Microsoft Visual Studio Solution File, Format Version 12.00
# Visual Studio Version 17
VisualStudioVersion = 17.13.35931.197 d17.13
MinimumVisualStudioVersion = 10.0.40219.1
Project("{FAE04EC0-301F-11D3-BF4B-00C04F79EFBC}") = "TrackEasy.Domain", "src\TrackEasy.Domain\TrackEasy.Domain.csproj", "{06C4A5D4-FBEE-47C4-815A-1FA149A20B49}"
EndProject
Project("{FAE04EC0-301F-11D3-BF4B-00C04F79EFBC}") = "TrackEasy.Application", "src\TrackEasy.Application\TrackEasy.Application.csproj", "{FCF5DEE4-FEA4-45A2-A08B-AF0AC1761F29}"
EndProject
Project("{FAE04EC0-301F-11D3-BF4B-00C04F79EFBC}") = "TrackEasy.Infrastructure", "src\TrackEasy.Infrastructure\TrackEasy.Infrastructure.csproj", "{FE31A9A5-0197-4176-A6ED-9E7EBA8C8241}"
EndProject
Project("{FAE04EC0-301F-11D3-BF4B-00C04F79EFBC}") = "TrackEasy.Api", "src\TrackEasy.Api\TrackEasy.Api.csproj", "{62191EAC-71CB-4A3A-8A08-DAF484BA6872}"
EndProject
Project("{2150E333-8FDC-42A3-9474-1A3956D46DE8}") = "src", "src", "{8AD4E979-A2A2-4CAE-B726-8E216231BDC7}"
EndProject
Project("{2150E333-8FDC-42A3-9474-1A3956D46DE8}") = "shared", "shared", "{75922A4E-04F5-4A37-B4C0-4608C524B580}"
EndProject
Project("{FAE04EC0-301F-11D3-BF4B-00C04F79EFBC}") = "TrackEasy.Shared.Domain.Abstractions", "src\TrackEasy.Shared.Domain.Abstractions\TrackEasy.Shared.Domain.Abstractions.csproj", "{A197A1E9-DDED-4F59-B0FF-9DFBD2800224}"
EndProject
Project("{FAE04EC0-301F-11D3-BF4B-00C04F79EFBC}") = "TrackEasy.Shared.Exceptions", "src\TrackEasy.Shared.Exceptions\TrackEasy.Shared.Exceptions.csproj", "{E76C04F4-E47E-48AC-8C0B-283023ED913D}"
EndProject
Project("{FAE04EC0-301F-11D3-BF4B-00C04F79EFBC}") = "TrackEasy.Shared.Application.Abstractions", "src\TrackEasy.Shared.Application.Abstractions\TrackEasy.Shared.Application.Abstractions.csproj", "{46F28DC8-2259-4C40-AC02-5AB90C911F9D}"
EndProject
Project("{FAE04EC0-301F-11D3-BF4B-00C04F79EFBC}") = "TrackEasy.Mails", "src\TrackEasy.Mails\TrackEasy.Mails.csproj", "{464F60AF-8902-49C4-B769-440346A5CBD8}"
EndProject
Project("{FAE04EC0-301F-11D3-BF4B-00C04F79EFBC}") = "TrackEasy.Shared.Infrastructure", "src\TrackEasy.Shared.Infrastructure\TrackEasy.Shared.Infrastructure.csproj", "{4FFE5D88-C0E0-4CF0-A4D1-EDFA0719F485}"
EndProject
Project("{FAE04EC0-301F-11D3-BF4B-00C04F79EFBC}") = "TrackEasy.Shared.Pagination.Abstractions", "src\TrackEasy.Shared.Pagination.Abstractions\TrackEasy.Shared.Pagination.Abstractions.csproj", "{27255E68-B96B-48D4-9E21-4582ABCDB115}"
EndProject
Project("{FAE04EC0-301F-11D3-BF4B-00C04F79EFBC}") = "TrackEasy.Shared.Pagination.Infrastructure", "src\TrackEasy.Shared.Pagination.Infrastructure\TrackEasy.Shared.Pagination.Infrastructure.csproj", "{3A1ADC1A-E0CD-4879-AF3D-877254E941BA}"
EndProject
Project("{2150E333-8FDC-42A3-9474-1A3956D46DE8}") = "Mails", "Mails", "{DE85172A-DC7F-4E53-9BFF-4F91C2624F82}"
EndProject
Project("{2150E333-8FDC-42A3-9474-1A3956D46DE8}") = "Tests", "Tests", "{B895B319-3CA5-4FF0-8DE6-3F936F51D84E}"
EndProject
Project("{FAE04EC0-301F-11D3-BF4B-00C04F79EFBC}") = "TrackEasy.UnitTests", "src\TrackEasy.UnitTests\TrackEasy.UnitTests.csproj", "{13A6A792-D0C6-4B5D-9A21-37C57BB04A4A}"
EndProject
Project("{FAE04EC0-301F-11D3-BF4B-00C04F79EFBC}") = "TrackEasy.IntegrationTests", "src\TrackEasy.IntegrationTests\TrackEasy.IntegrationTests.csproj", "{ED47877C-53B0-4640-9F58-6690111B0C35}"
EndProject
Project("{2150E333-8FDC-42A3-9474-1A3956D46DE8}") = "src", "src", "{02EA681E-C7D8-13C7-8484-4AC65E1B71E8}"
EndProject
Project("{2150E333-8FDC-42A3-9474-1A3956D46DE8}") = "Tests", "Tests", "{D1AA2175-9C00-4DC5-B201-DD681C3A4266}"
EndProject
Global
	GlobalSection(SolutionConfigurationPlatforms) = preSolution
		Debug|Any CPU = Debug|Any CPU
		Release|Any CPU = Release|Any CPU
	EndGlobalSection
	GlobalSection(ProjectConfigurationPlatforms) = postSolution
		{06C4A5D4-FBEE-47C4-815A-1FA149A20B49}.Debug|Any CPU.ActiveCfg = Debug|Any CPU
		{06C4A5D4-FBEE-47C4-815A-1FA149A20B49}.Debug|Any CPU.Build.0 = Debug|Any CPU
		{06C4A5D4-FBEE-47C4-815A-1FA149A20B49}.Release|Any CPU.ActiveCfg = Release|Any CPU
		{06C4A5D4-FBEE-47C4-815A-1FA149A20B49}.Release|Any CPU.Build.0 = Release|Any CPU
		{FCF5DEE4-FEA4-45A2-A08B-AF0AC1761F29}.Debug|Any CPU.ActiveCfg = Debug|Any CPU
		{FCF5DEE4-FEA4-45A2-A08B-AF0AC1761F29}.Debug|Any CPU.Build.0 = Debug|Any CPU
		{FCF5DEE4-FEA4-45A2-A08B-AF0AC1761F29}.Release|Any CPU.ActiveCfg = Release|Any CPU
		{FCF5DEE4-FEA4-45A2-A08B-AF0AC1761F29}.Release|Any CPU.Build.0 = Release|Any CPU
		{FE31A9A5-0197-4176-A6ED-9E7EBA8C8241}.Debug|Any CPU.ActiveCfg = Debug|Any CPU
		{FE31A9A5-0197-4176-A6ED-9E7EBA8C8241}.Debug|Any CPU.Build.0 = Debug|Any CPU
		{FE31A9A5-0197-4176-A6ED-9E7EBA8C8241}.Release|Any CPU.ActiveCfg = Release|Any CPU
		{FE31A9A5-0197-4176-A6ED-9E7EBA8C8241}.Release|Any CPU.Build.0 = Release|Any CPU
		{62191EAC-71CB-4A3A-8A08-DAF484BA6872}.Debug|Any CPU.ActiveCfg = Debug|Any CPU
		{62191EAC-71CB-4A3A-8A08-DAF484BA6872}.Debug|Any CPU.Build.0 = Debug|Any CPU
		{62191EAC-71CB-4A3A-8A08-DAF484BA6872}.Release|Any CPU.ActiveCfg = Release|Any CPU
		{62191EAC-71CB-4A3A-8A08-DAF484BA6872}.Release|Any CPU.Build.0 = Release|Any CPU
		{A197A1E9-DDED-4F59-B0FF-9DFBD2800224}.Debug|Any CPU.ActiveCfg = Debug|Any CPU
		{A197A1E9-DDED-4F59-B0FF-9DFBD2800224}.Debug|Any CPU.Build.0 = Debug|Any CPU
		{A197A1E9-DDED-4F59-B0FF-9DFBD2800224}.Release|Any CPU.ActiveCfg = Release|Any CPU
		{A197A1E9-DDED-4F59-B0FF-9DFBD2800224}.Release|Any CPU.Build.0 = Release|Any CPU
		{E76C04F4-E47E-48AC-8C0B-283023ED913D}.Debug|Any CPU.ActiveCfg = Debug|Any CPU
		{E76C04F4-E47E-48AC-8C0B-283023ED913D}.Debug|Any CPU.Build.0 = Debug|Any CPU
		{E76C04F4-E47E-48AC-8C0B-283023ED913D}.Release|Any CPU.ActiveCfg = Release|Any CPU
		{E76C04F4-E47E-48AC-8C0B-283023ED913D}.Release|Any CPU.Build.0 = Release|Any CPU
		{46F28DC8-2259-4C40-AC02-5AB90C911F9D}.Debug|Any CPU.ActiveCfg = Debug|Any CPU
		{46F28DC8-2259-4C40-AC02-5AB90C911F9D}.Debug|Any CPU.Build.0 = Debug|Any CPU
		{46F28DC8-2259-4C40-AC02-5AB90C911F9D}.Release|Any CPU.ActiveCfg = Release|Any CPU
		{46F28DC8-2259-4C40-AC02-5AB90C911F9D}.Release|Any CPU.Build.0 = Release|Any CPU
		{464F60AF-8902-49C4-B769-440346A5CBD8}.Debug|Any CPU.ActiveCfg = Debug|Any CPU
		{464F60AF-8902-49C4-B769-440346A5CBD8}.Debug|Any CPU.Build.0 = Debug|Any CPU
		{464F60AF-8902-49C4-B769-440346A5CBD8}.Release|Any CPU.ActiveCfg = Release|Any CPU
		{464F60AF-8902-49C4-B769-440346A5CBD8}.Release|Any CPU.Build.0 = Release|Any CPU
		{4FFE5D88-C0E0-4CF0-A4D1-EDFA0719F485}.Debug|Any CPU.ActiveCfg = Debug|Any CPU
		{4FFE5D88-C0E0-4CF0-A4D1-EDFA0719F485}.Debug|Any CPU.Build.0 = Debug|Any CPU
		{4FFE5D88-C0E0-4CF0-A4D1-EDFA0719F485}.Release|Any CPU.ActiveCfg = Release|Any CPU
		{4FFE5D88-C0E0-4CF0-A4D1-EDFA0719F485}.Release|Any CPU.Build.0 = Release|Any CPU
		{27255E68-B96B-48D4-9E21-4582ABCDB115}.Debug|Any CPU.ActiveCfg = Debug|Any CPU
		{27255E68-B96B-48D4-9E21-4582ABCDB115}.Debug|Any CPU.Build.0 = Debug|Any CPU
		{27255E68-B96B-48D4-9E21-4582ABCDB115}.Release|Any CPU.ActiveCfg = Release|Any CPU
		{27255E68-B96B-48D4-9E21-4582ABCDB115}.Release|Any CPU.Build.0 = Release|Any CPU
		{3A1ADC1A-E0CD-4879-AF3D-877254E941BA}.Debug|Any CPU.ActiveCfg = Debug|Any CPU
		{3A1ADC1A-E0CD-4879-AF3D-877254E941BA}.Debug|Any CPU.Build.0 = Debug|Any CPU
		{3A1ADC1A-E0CD-4879-AF3D-877254E941BA}.Release|Any CPU.ActiveCfg = Release|Any CPU
		{3A1ADC1A-E0CD-4879-AF3D-877254E941BA}.Release|Any CPU.Build.0 = Release|Any CPU
		{13A6A792-D0C6-4B5D-9A21-37C57BB04A4A}.Debug|Any CPU.ActiveCfg = Debug|Any CPU
		{13A6A792-D0C6-4B5D-9A21-37C57BB04A4A}.Debug|Any CPU.Build.0 = Debug|Any CPU
		{13A6A792-D0C6-4B5D-9A21-37C57BB04A4A}.Release|Any CPU.ActiveCfg = Release|Any CPU
		{13A6A792-D0C6-4B5D-9A21-37C57BB04A4A}.Release|Any CPU.Build.0 = Release|Any CPU
		{ED47877C-53B0-4640-9F58-6690111B0C35}.Debug|Any CPU.ActiveCfg = Debug|Any CPU
		{ED47877C-53B0-4640-9F58-6690111B0C35}.Debug|Any CPU.Build.0 = Debug|Any CPU
		{ED47877C-53B0-4640-9F58-6690111B0C35}.Release|Any CPU.ActiveCfg = Release|Any CPU
		{ED47877C-53B0-4640-9F58-6690111B0C35}.Release|Any CPU.Build.0 = Release|Any CPU
	EndGlobalSection
	GlobalSection(SolutionProperties) = preSolution
		HideSolutionNode = FALSE
	EndGlobalSection
	GlobalSection(NestedProjects) = preSolution
		{06C4A5D4-FBEE-47C4-815A-1FA149A20B49} = {8AD4E979-A2A2-4CAE-B726-8E216231BDC7}
		{FCF5DEE4-FEA4-45A2-A08B-AF0AC1761F29} = {8AD4E979-A2A2-4CAE-B726-8E216231BDC7}
		{FE31A9A5-0197-4176-A6ED-9E7EBA8C8241} = {8AD4E979-A2A2-4CAE-B726-8E216231BDC7}
		{62191EAC-71CB-4A3A-8A08-DAF484BA6872} = {8AD4E979-A2A2-4CAE-B726-8E216231BDC7}
		{A197A1E9-DDED-4F59-B0FF-9DFBD2800224} = {75922A4E-04F5-4A37-B4C0-4608C524B580}
		{E76C04F4-E47E-48AC-8C0B-283023ED913D} = {75922A4E-04F5-4A37-B4C0-4608C524B580}
		{46F28DC8-2259-4C40-AC02-5AB90C911F9D} = {75922A4E-04F5-4A37-B4C0-4608C524B580}
		{464F60AF-8902-49C4-B769-440346A5CBD8} = {DE85172A-DC7F-4E53-9BFF-4F91C2624F82}
		{4FFE5D88-C0E0-4CF0-A4D1-EDFA0719F485} = {75922A4E-04F5-4A37-B4C0-4608C524B580}
		{27255E68-B96B-48D4-9E21-4582ABCDB115} = {75922A4E-04F5-4A37-B4C0-4608C524B580}
		{3A1ADC1A-E0CD-4879-AF3D-877254E941BA} = {75922A4E-04F5-4A37-B4C0-4608C524B580}
		{DE85172A-DC7F-4E53-9BFF-4F91C2624F82} = {8AD4E979-A2A2-4CAE-B726-8E216231BDC7}
		{B895B319-3CA5-4FF0-8DE6-3F936F51D84E} = {8AD4E979-A2A2-4CAE-B726-8E216231BDC7}
		{13A6A792-D0C6-4B5D-9A21-37C57BB04A4A} = {B895B319-3CA5-4FF0-8DE6-3F936F51D84E}
		{ED47877C-53B0-4640-9F58-6690111B0C35} = {B895B319-3CA5-4FF0-8DE6-3F936F51D84E}
		{02EA681E-C7D8-13C7-8484-4AC65E1B71E8} = {B895B319-3CA5-4FF0-8DE6-3F936F51D84E}
		{D1AA2175-9C00-4DC5-B201-DD681C3A4266} = {02EA681E-C7D8-13C7-8484-4AC65E1B71E8}
	EndGlobalSection
	GlobalSection(ExtensibilityGlobals) = postSolution
		SolutionGuid = {77FBF582-957D-4BE1-83E7-99E69E45B863}
	EndGlobalSection
EndGlobal
